
Microsoft Visual Studio Solution File, Format Version 12.00
# Visual Studio 15
VisualStudioVersion = 15.0.28307.1525
MinimumVisualStudioVersion = 10.0.40219.1
Project("{FAE04EC0-301F-11D3-BF4B-00C04F79EFBC}") = "RegEx", "RegEx\RegEx.csproj", "{54FCE69C-1138-4A1A-90B8-D729E4ABCA01}"
EndProject
Global
	GlobalSection(SolutionConfigurationPlatforms) = preSolution
		Debug|Any CPU = Debug|Any CPU
		Release|Any CPU = Release|Any CPU
	EndGlobalSection
	GlobalSection(ProjectConfigurationPlatforms) = postSolution
		{54FCE69C-1138-4A1A-90B8-D729E4ABCA01}.Debug|Any CPU.ActiveCfg = Debug|Any CPU
		{54FCE69C-1138-4A1A-90B8-D729E4ABCA01}.Debug|Any CPU.Build.0 = Debug|Any CPU
		{54FCE69C-1138-4A1A-90B8-D729E4ABCA01}.Release|Any CPU.ActiveCfg = Release|Any CPU
		{54FCE69C-1138-4A1A-90B8-D729E4ABCA01}.Release|Any CPU.Build.0 = Release|Any CPU
	EndGlobalSection
	GlobalSection(SolutionProperties) = preSolution
		HideSolutionNode = FALSE
	EndGlobalSection
	GlobalSection(ExtensibilityGlobals) = postSolution
		SolutionGuid = {D198B6D2-5C66-4CC3-9F8B-DF7D0AE296C4}
	EndGlobalSection
EndGlobal
